
Microsoft Visual Studio Solution File, Format Version 12.00
# Visual Studio Version 16
VisualStudioVersion = 16.0.30907.101
MinimumVisualStudioVersion = 10.0.40219.1
Project("{9A19103F-16F7-4668-BE54-9A1E7A4F7556}") = "MatrixsTrail", "MatrixsTrail\MatrixsTrail.csproj", "{436DCE73-B8AB-459D-BB5A-D8F4F4E2AF03}"
EndProject
Project("{FAE04EC0-301F-11D3-BF4B-00C04F79EFBC}") = "MatrixTest", "MatrixTest\MatrixTest.csproj", "{91B841CE-98E8-44F3-B056-E4CBE3E2AD53}"
EndProject
Global
	GlobalSection(SolutionConfigurationPlatforms) = preSolution
		Debug|Any CPU = Debug|Any CPU
		Release|Any CPU = Release|Any CPU
	EndGlobalSection
	GlobalSection(ProjectConfigurationPlatforms) = postSolution
		{436DCE73-B8AB-459D-BB5A-D8F4F4E2AF03}.Debug|Any CPU.ActiveCfg = Debug|Any CPU
		{436DCE73-B8AB-459D-BB5A-D8F4F4E2AF03}.Debug|Any CPU.Build.0 = Debug|Any CPU
		{436DCE73-B8AB-459D-BB5A-D8F4F4E2AF03}.Release|Any CPU.ActiveCfg = Release|Any CPU
		{436DCE73-B8AB-459D-BB5A-D8F4F4E2AF03}.Release|Any CPU.Build.0 = Release|Any CPU
		{91B841CE-98E8-44F3-B056-E4CBE3E2AD53}.Debug|Any CPU.ActiveCfg = Debug|Any CPU
		{91B841CE-98E8-44F3-B056-E4CBE3E2AD53}.Debug|Any CPU.Build.0 = Debug|Any CPU
		{91B841CE-98E8-44F3-B056-E4CBE3E2AD53}.Release|Any CPU.ActiveCfg = Release|Any CPU
		{91B841CE-98E8-44F3-B056-E4CBE3E2AD53}.Release|Any CPU.Build.0 = Release|Any CPU
	EndGlobalSection
	GlobalSection(SolutionProperties) = preSolution
		HideSolutionNode = FALSE
	EndGlobalSection
	GlobalSection(ExtensibilityGlobals) = postSolution
		SolutionGuid = {EE6FAF04-AD70-428B-A561-561337751587}
	EndGlobalSection
EndGlobal
